{
  "name": "eam-mini-program",
  "version": "1.0.1",
  "lockfileVersion": 2,
  "requires": true,
  "packages": {
    "": {
      "name": "eam-mini-program",
      "version": "1.0.1",
      "dependencies": {
        "@vant/weapp": "^1.10.18",
        "wxbarcode": "^1.0.2"
      },
      "devDependencies": {
        "miniprogram-api-typings": "^3.9.1"
      }
    },
    "node_modules/@vant/weapp": {
      "version": "1.10.18",
      "resolved": "https://registry.npmmirror.com/@vant/weapp/-/weapp-1.10.18.tgz",
      "integrity": "sha512-BEmBGVKTBfP7Re41k27Tm6lKjdWmEN0APxLWMeiYtXn7koVxrzSAdwZgZguUD7vm1lMsMhAgAIq0IMoMm/ubkQ=="
    },
    "node_modules/miniprogram-api-typings": {
      "version": "3.9.1",
      "resolved": "https://registry.npmmirror.com/miniprogram-api-typings/-/miniprogram-api-typings-3.9.1.tgz",
      "integrity": "sha512-oyratzOWyuFhBzONp06l0FBPu03ltCd1sRWoy2v38SnAKxtpZ8ySLTSEw//hIsBdocMda7fFZEjOG57L57mcUw==",
      "dev": true
    },
    "node_modules/wxbarcode": {
      "version": "1.0.2",
      "resolved": "https://registry.npmmirror.com/wxbarcode/-/wxbarcode-1.0.2.tgz",
      "integrity": "sha512-QFNva4OKNn6M3fYXLg+W+JI2FqdNeK69sSgLmxc36OPcrsDiR04If8SqGC4a6xMFHby0iiOFjIF8vsrtbXkRGA=="
    }
  },
  "dependencies": {
    "@vant/weapp": {
      "version": "1.10.18",
      "resolved": "https://registry.npmmirror.com/@vant/weapp/-/weapp-1.10.18.tgz",
      "integrity": "sha512-BEmBGVKTBfP7Re41k27Tm6lKjdWmEN0APxLWMeiYtXn7koVxrzSAdwZgZguUD7vm1lMsMhAgAIq0IMoMm/ubkQ=="
    },
    "miniprogram-api-typings": {
      "version": "3.9.1",
      "resolved": "https://registry.npmmirror.com/miniprogram-api-typings/-/miniprogram-api-typings-3.9.1.tgz",
      "integrity": "sha512-oyratzOWyuFhBzONp06l0FBPu03ltCd1sRWoy2v38SnAKxtpZ8ySLTSEw//hIsBdocMda7fFZEjOG57L57mcUw==",
      "dev": true
    },
    "wxbarcode": {
      "version": "1.0.2",
      "resolved": "https://registry.npmmirror.com/wxbarcode/-/wxbarcode-1.0.2.tgz",
      "integrity": "sha512-QFNva4OKNn6M3fYXLg+W+JI2FqdNeK69sSgLmxc36OPcrsDiR04If8SqGC4a6xMFHby0iiOFjIF8vsrtbXkRGA=="
    }
  }
}
